// !$*UTF8*$!
{
	archiveVersion = 1;
	classes = {
	};
	objectVersion = 56;
	objects = {

/* Begin PBXBuildFile section */
		EE61759D290D79A000BD902D /* AppDelegate.swift in Sources */ = {isa = PBXBuildFile; fileRef = EE61759C290D79A000BD902D /* AppDelegate.swift */; };
		EE61759F290D79A000BD902D /* SceneDelegate.swift in Sources */ = {isa = PBXBuildFile; fileRef = EE61759E290D79A000BD902D /* SceneDelegate.swift */; };
		EE6175A1290D79A000BD902D /* ViewController.swift in Sources */ = {isa = PBXBuildFile; fileRef = EE6175A0290D79A000BD902D /* ViewController.swift */; };
		EE6175A4290D79A000BD902D /* Main.storyboard in Resources */ = {isa = PBXBuildFile; fileRef = EE6175A2290D79A000BD902D /* Main.storyboard */; };
		EE6175A6290D79A000BD902D /* Assets.xcassets in Resources */ = {isa = PBXBuildFile; fileRef = EE6175A5290D79A000BD902D /* Assets.xcassets */; };
		EE6175A9290D79A000BD902D /* LaunchScreen.storyboard in Resources */ = {isa = PBXBuildFile; fileRef = EE6175A7290D79A000BD902D /* LaunchScreen.storyboard */; };
		EE6175B4290F07DE00BD902D /* soundEffect.mp3 in Resources */ = {isa = PBXBuildFile; fileRef = EE6175B3290F07DE00BD902D /* soundEffect.mp3 */; };
		EE6175B6290F0EE000BD902D /* theme.mp3 in Resources */ = {isa = PBXBuildFile; fileRef = EE6175B5290F0EE000BD902D /* theme.mp3 */; };
/* End PBXBuildFile section */

/* Begin PBXFileReference section */
		EE617599290D79A000BD902D /* fusionDBZ.app */ = {isa = PBXFileReference; explicitFileType = wrapper.application; includeInIndex = 0; path = fusionDBZ.app; sourceTree = BUILT_PRODUCTS_DIR; };
		EE61759C290D79A000BD902D /* AppDelegate.swift */ = {isa = PBXFileReference; lastKnownFileType = sourcecode.swift; path = AppDelegate.swift; sourceTree = "<group>"; };
		EE61759E290D79A000BD902D /* SceneDelegate.swift */ = {isa = PBXFileReference; lastKnownFileType = sourcecode.swift; path = SceneDelegate.swift; sourceTree = "<group>"; };
		EE6175A0290D79A000BD902D /* ViewController.swift */ = {isa = PBXFileReference; lastKnownFileType = sourcecode.swift; path = ViewController.swift; sourceTree = "<group>"; };
		EE6175A3290D79A000BD902D /* Base */ = {isa = PBXFileReference; lastKnownFileType = file.storyboard; name = Base; path = Base.lproj/Main.storyboard; sourceTree = "<group>"; };
		EE6175A5290D79A000BD902D /* Assets.xcassets */ = {isa = PBXFileReference; lastKnownFileType = folder.assetcatalog; path = Assets.xcassets; sourceTree = "<group>"; };
		EE6175A8290D79A000BD902D /* Base */ = {isa = PBXFileReference; lastKnownFileType = file.storyboard; name = Base; path = Base.lproj/LaunchScreen.storyboard; sourceTree = "<group>"; };
		EE6175AA290D79A000BD902D /* Info.plist */ = {isa = PBXFileReference; lastKnownFileType = text.plist.xml; path = Info.plist; sourceTree = "<group>"; };
		EE6175B3290F07DE00BD902D /* soundEffect.mp3 */ = {isa = PBXFileReference; lastKnownFileType = audio.mp3; path = soundEffect.mp3; sourceTree = "<group>"; };
		EE6175B5290F0EE000BD902D /* theme.mp3 */ = {isa = PBXFileReference; lastKnownFileType = audio.mp3; path = theme.mp3; sourceTree = "<group>"; };
/* End PBXFileReference section */

/* Begin PBXFrameworksBuildPhase section */
		EE617596290D79A000BD902D /* Frameworks */ = {
			isa = PBXFrameworksBuildPhase;
			buildActionMask = 2147483647;
			files = (
			);
			runOnlyForDeploymentPostprocessing = 0;
		};
/* End PBXFrameworksBuildPhase section */

/* Begin PBXGroup section */
		EE617590290D79A000BD902D = {
			isa = PBXGroup;
			children = (
				EE61759B290D79A000BD902D /* fusionDBZ */,
				EE61759A290D79A000BD902D /* Products */,
			);
			sourceTree = "<group>";
		};
		EE61759A290D79A000BD902D /* Products */ = {
			isa = PBXGroup;
			children = (
				EE617599290D79A000BD902D /* fusionDBZ.app */,
			);
			name = Products;
			sourceTree = "<group>";
		};
		EE61759B290D79A000BD902D /* fusionDBZ */ = {
			isa = PBXGroup;
			children = (
				EE6175B0290F078900BD902D /* Sounds */,
				EE61759C290D79A000BD902D /* AppDelegate.swift */,
				EE61759E290D79A000BD902D /* SceneDelegate.swift */,
				EE6175A0290D79A000BD902D /* ViewController.swift */,
				EE6175A2290D79A000BD902D /* Main.storyboard */,
				EE6175A5290D79A000BD902D /* Assets.xcassets */,
				EE6175A7290D79A000BD902D /* LaunchScreen.storyboard */,
				EE6175AA290D79A000BD902D /* Info.plist */,
			);
			path = fusionDBZ;
			sourceTree = "<group>";
		};
		EE6175B0290F078900BD902D /* Sounds */ = {
			isa = PBXGroup;
			children = (
				EE6175B5290F0EE000BD902D /* theme.mp3 */,
				EE6175B3290F07DE00BD902D /* soundEffect.mp3 */,
			);
			path = Sounds;
			sourceTree = "<group>";
		};
/* End PBXGroup section */

/* Begin PBXNativeTarget section */
		EE617598290D79A000BD902D /* fusionDBZ */ = {
			isa = PBXNativeTarget;
			buildConfigurationList = EE6175AD290D79A000BD902D /* Build configuration list for PBXNativeTarget "fusionDBZ" */;
			buildPhases = (
				EE617595290D79A000BD902D /* Sources */,
				EE617596290D79A000BD902D /* Frameworks */,
				EE617597290D79A000BD902D /* Resources */,
			);
			buildRules = (
			);
			dependencies = (
			);
			name = fusionDBZ;
			productName = fusionDBZ;
			productReference = EE617599290D79A000BD902D /* fusionDBZ.app */;
			productType = "com.apple.product-type.application";
		};
/* End PBXNativeTarget section */

/* Begin PBXProject section */
		EE617591290D79A000BD902D /* Project object */ = {
			isa = PBXProject;
			attributes = {
				BuildIndependentTargetsInParallel = 1;
				LastSwiftUpdateCheck = 1400;
				LastUpgradeCheck = 1400;
				TargetAttributes = {
					EE617598290D79A000BD902D = {
						CreatedOnToolsVersion = 14.0.1;
					};
				};
			};
			buildConfigurationList = EE617594290D79A000BD902D /* Build configuration list for PBXProject "fusionDBZ" */;
			compatibilityVersion = "Xcode 14.0";
			developmentRegion = en;
			hasScannedForEncodings = 0;
			knownRegions = (
				en,
				Base,
			);
			mainGroup = EE617590290D79A000BD902D;
			productRefGroup = EE61759A290D79A000BD902D /* Products */;
			projectDirPath = "";
			projectRoot = "";
			targets = (
				EE617598290D79A000BD902D /* fusionDBZ */,
			);
		};
/* End PBXProject section */

/* Begin PBXResourcesBuildPhase section */
		EE617597290D79A000BD902D /* Resources */ = {
			isa = PBXResourcesBuildPhase;
			buildActionMask = 2147483647;
			files = (
				EE6175B6290F0EE000BD902D /* theme.mp3 in Resources */,
				EE6175B4290F07DE00BD902D /* soundEffect.mp3 in Resources */,
				EE6175A9290D79A000BD902D /* LaunchScreen.storyboard in Resources */,
				EE6175A6290D79A000BD902D /* Assets.xcassets in Resources */,
				EE6175A4290D79A000BD902D /* Main.storyboard in Resources */,
			);
			runOnlyForDeploymentPostprocessing = 0;
		};
/* End PBXResourcesBuildPhase section */

/* Begin PBXSourcesBuildPhase section */
		EE617595290D79A000BD902D /* Sources */ = {
			isa = PBXSourcesBuildPhase;
			buildActionMask = 2147483647;
			files = (
				EE6175A1290D79A000BD902D /* ViewController.swift in Sources */,
				EE61759D290D79A000BD902D /* AppDelegate.swift in Sources */,
				EE61759F290D79A000BD902D /* SceneDelegate.swift in Sources */,
			);
			runOnlyForDeploymentPostprocessing = 0;
		};
/* End PBXSourcesBuildPhase section */

/* Begin PBXVariantGroup section */
		EE6175A2290D79A000BD902D /* Main.storyboard */ = {
			isa = PBXVariantGroup;
			children = (
				EE6175A3290D79A000BD902D /* Base */,
			);
			name = Main.storyboard;
			sourceTree = "<group>";
		};
		EE6175A7290D79A000BD902D /* LaunchScreen.storyboard */ = {
			isa = PBXVariantGroup;
			children = (
				EE6175A8290D79A000BD902D /* Base */,
			);
			name = LaunchScreen.storyboard;
			sourceTree = "<group>";
		};
/* End PBXVariantGroup section */

/* Begin XCBuildConfiguration section */
		EE6175AB290D79A000BD902D /* Debug */ = {
			isa = XCBuildConfiguration;
			buildSettings = {
				ALWAYS_SEARCH_USER_PATHS = NO;
				CLANG_ANALYZER_NONNULL = YES;
				CLANG_ANALYZER_NUMBER_OBJECT_CONVERSION = YES_AGGRESSIVE;
				CLANG_CXX_LANGUAGE_STANDARD = "gnu++20";
				CLANG_ENABLE_MODULES = YES;
				CLANG_ENABLE_OBJC_ARC = YES;
				CLANG_ENABLE_OBJC_WEAK = YES;
				CLANG_WARN_BLOCK_CAPTURE_AUTORELEASING = YES;
				CLANG_WARN_BOOL_CONVERSION = YES;
				CLANG_WARN_COMMA = YES;
				CLANG_WARN_CONSTANT_CONVERSION = YES;
				CLANG_WARN_DEPRECATED_OBJC_IMPLEMENTATIONS = YES;
				CLANG_WARN_DIRECT_OBJC_ISA_USAGE = YES_ERROR;
				CLANG_WARN_DOCUMENTATION_COMMENTS = YES;
				CLANG_WARN_EMPTY_BODY = YES;
				CLANG_WARN_ENUM_CONVERSION = YES;
				CLANG_WARN_INFINITE_RECURSION = YES;
				CLANG_WARN_INT_CONVERSION = YES;
				CLANG_WARN_NON_LITERAL_NULL_CONVERSION = YES;
				CLANG_WARN_OBJC_IMPLICIT_RETAIN_SELF = YES;
				CLANG_WARN_OBJC_LITERAL_CONVERSION = YES;
				CLANG_WARN_OBJC_ROOT_CLASS = YES_ERROR;
				CLANG_WARN_QUOTED_INCLUDE_IN_FRAMEWORK_HEADER = YES;
				CLANG_WARN_RANGE_LOOP_ANALYSIS = YES;
				CLANG_WARN_STRICT_PROTOTYPES = YES;
				CLANG_WARN_SUSPICIOUS_MOVE = YES;
				CLANG_WARN_UNGUARDED_AVAILABILITY = YES_AGGRESSIVE;
				CLANG_WARN_UNREACHABLE_CODE = YES;
				CLANG_WARN__DUPLICATE_METHOD_MATCH = YES;
				COPY_PHASE_STRIP = NO;
				DEBUG_INFORMATION_FORMAT = dwarf;
				ENABLE_STRICT_OBJC_MSGSEND = YES;
				ENABLE_TESTABILITY = YES;
				GCC_C_LANGUAGE_STANDARD = gnu11;
				GCC_DYNAMIC_NO_PIC = NO;
				GCC_NO_COMMON_BLOCKS = YES;
				GCC_OPTIMIZATION_LEVEL = 0;
				GCC_PREPROCESSOR_DEFINITIONS = (
					"DEBUG=1",
					"$(inherited)",
				);
				GCC_WARN_64_TO_32_BIT_CONVERSION = YES;
				GCC_WARN_ABOUT_RETURN_TYPE = YES_ERROR;
				GCC_WARN_UNDECLARED_SELECTOR = YES;
				GCC_WARN_UNINITIALIZED_AUTOS = YES_AGGRESSIVE;
				GCC_WARN_UNUSED_FUNCTION = YES;
				GCC_WARN_UNUSED_VARIABLE = YES;
				IPHONEOS_DEPLOYMENT_TARGET = 16.0;
				MTL_ENABLE_DEBUG_INFO = INCLUDE_SOURCE;
				MTL_FAST_MATH = YES;
				ONLY_ACTIVE_ARCH = YES;
				SDKROOT = iphoneos;
				SWIFT_ACTIVE_COMPILATION_CONDITIONS = DEBUG;
				SWIFT_OPTIMIZATION_LEVEL = "-Onone";
			};
			name = Debug;
		};
		EE6175AC290D79A000BD902D /* Release */ = {
			isa = XCBuildConfiguration;
			buildSettings = {
				ALWAYS_SEARCH_USER_PATHS = NO;
				CLANG_ANALYZER_NONNULL = YES;
				CLANG_ANALYZER_NUMBER_OBJECT_CONVERSION = YES_AGGRESSIVE;
				CLANG_CXX_LANGUAGE_STANDARD = "gnu++20";
				CLANG_ENABLE_MODULES = YES;
				CLANG_ENABLE_OBJC_ARC = YES;
				CLANG_ENABLE_OBJC_WEAK = YES;
				CLANG_WARN_BLOCK_CAPTURE_AUTORELEASING = YES;
				CLANG_WARN_BOOL_CONVERSION = YES;
				CLANG_WARN_COMMA = YES;
				CLANG_WARN_CONSTANT_CONVERSION = YES;
				CLANG_WARN_DEPRECATED_OBJC_IMPLEMENTATIONS = YES;
				CLANG_WARN_DIRECT_OBJC_ISA_USAGE = YES_ERROR;
				CLANG_WARN_DOCUMENTATION_COMMENTS = YES;
				CLANG_WARN_EMPTY_BODY = YES;
				CLANG_WARN_ENUM_CONVERSION = YES;
				CLANG_WARN_INFINITE_RECURSION = YES;
				CLANG_WARN_INT_CONVERSION = YES;
				CLANG_WARN_NON_LITERAL_NULL_CONVERSION = YES;
				CLANG_WARN_OBJC_IMPLICIT_RETAIN_SELF = YES;
				CLANG_WARN_OBJC_LITERAL_CONVERSION = YES;
				CLANG_WARN_OBJC_ROOT_CLASS = YES_ERROR;
				CLANG_WARN_QUOTED_INCLUDE_IN_FRAMEWORK_HEADER = YES;
				CLANG_WARN_RANGE_LOOP_ANALYSIS = YES;
				CLANG_WARN_STRICT_PROTOTYPES = YES;
				CLANG_WARN_SUSPICIOUS_MOVE = YES;
				CLANG_WARN_UNGUARDED_AVAILABILITY = YES_AGGRESSIVE;
				CLANG_WARN_UNREACHABLE_CODE = YES;
				CLANG_WARN__DUPLICATE_METHOD_MATCH = YES;
				COPY_PHASE_STRIP = NO;
				DEBUG_INFORMATION_FORMAT = "dwarf-with-dsym";
				ENABLE_NS_ASSERTIONS = NO;
				ENABLE_STRICT_OBJC_MSGSEND = YES;
				GCC_C_LANGUAGE_STANDARD = gnu11;
				GCC_NO_COMMON_BLOCKS = YES;
				GCC_WARN_64_TO_32_BIT_CONVERSION = YES;
				GCC_WARN_ABOUT_RETURN_TYPE = YES_ERROR;
				GCC_WARN_UNDECLARED_SELECTOR = YES;
				GCC_WARN_UNINITIALIZED_AUTOS = YES_AGGRESSIVE;
				GCC_WARN_UNUSED_FUNCTION = YES;
				GCC_WARN_UNUSED_VARIABLE = YES;
				IPHONEOS_DEPLOYMENT_TARGET = 16.0;
				MTL_ENABLE_DEBUG_INFO = NO;
				MTL_FAST_MATH = YES;
				SDKROOT = iphoneos;
				SWIFT_COMPILATION_MODE = wholemodule;
				SWIFT_OPTIMIZATION_LEVEL = "-O";
				VALIDATE_PRODUCT = YES;
			};
			name = Release;
		};
		EE6175AE290D79A000BD902D /* Debug */ = {
			isa = XCBuildConfiguration;
			buildSettings = {
				ASSETCATALOG_COMPILER_APPICON_NAME = AppIcon;
				ASSETCATALOG_COMPILER_GLOBAL_ACCENT_COLOR_NAME = AccentColor;
				CODE_SIGN_STYLE = Automatic;
				CURRENT_PROJECT_VERSION = 1;
				DEVELOPMENT_TEAM = 7Q2JD863XR;
				GENERATE_INFOPLIST_FILE = YES;
				INFOPLIST_FILE = fusionDBZ/Info.plist;
				INFOPLIST_KEY_UIApplicationSupportsIndirectInputEvents = YES;
				INFOPLIST_KEY_UILaunchStoryboardName = LaunchScreen;
				INFOPLIST_KEY_UIMainStoryboardFile = Main;
				INFOPLIST_KEY_UISupportedInterfaceOrientations = UIInterfaceOrientationPortrait;
				IPHONEOS_DEPLOYMENT_TARGET = 14.0;
				LD_RUNPATH_SEARCH_PATHS = (
					"$(inherited)",
					"@executable_path/Frameworks",
				);
				MARKETING_VERSION = 1.0;
				PRODUCT_BUNDLE_IDENTIFIER = vortigo.rocket.fusionDBZ;
				PRODUCT_NAME = "$(TARGET_NAME)";
				SWIFT_EMIT_LOC_STRINGS = YES;
				SWIFT_VERSION = 5.0;
				TARGETED_DEVICE_FAMILY = "1,2";
			};
			name = Debug;
		};
		EE6175AF290D79A000BD902D /* Release */ = {
			isa = XCBuildConfiguration;
			buildSettings = {
				ASSETCATALOG_COMPILER_APPICON_NAME = AppIcon;
				ASSETCATALOG_COMPILER_GLOBAL_ACCENT_COLOR_NAME = AccentColor;
				CODE_SIGN_STYLE = Automatic;
				CURRENT_PROJECT_VERSION = 1;
				DEVELOPMENT_TEAM = 7Q2JD863XR;
				GENERATE_INFOPLIST_FILE = YES;
				INFOPLIST_FILE = fusionDBZ/Info.plist;
				INFOPLIST_KEY_UIApplicationSupportsIndirectInputEvents = YES;
				INFOPLIST_KEY_UILaunchStoryboardName = LaunchScreen;
				INFOPLIST_KEY_UIMainStoryboardFile = Main;
				INFOPLIST_KEY_UISupportedInterfaceOrientations = UIInterfaceOrientationPortrait;
				IPHONEOS_DEPLOYMENT_TARGET = 14.0;
				LD_RUNPATH_SEARCH_PATHS = (
					"$(inherited)",
					"@executable_path/Frameworks",
				);
				MARKETING_VERSION = 1.0;
				PRODUCT_BUNDLE_IDENTIFIER = vortigo.rocket.fusionDBZ;
				PRODUCT_NAME = "$(TARGET_NAME)";
				SWIFT_EMIT_LOC_STRINGS = YES;
				SWIFT_VERSION = 5.0;
				TARGETED_DEVICE_FAMILY = "1,2";
			};
			name = Release;
		};
/* End XCBuildConfiguration section */

/* Begin XCConfigurationList section */
		EE617594290D79A000BD902D /* Build configuration list for PBXProject "fusionDBZ" */ = {
			isa = XCConfigurationList;
			buildConfigurations = (
				EE6175AB290D79A000BD902D /* Debug */,
				EE6175AC290D79A000BD902D /* Release */,
			);
			defaultConfigurationIsVisible = 0;
			defaultConfigurationName = Release;
		};
		EE6175AD290D79A000BD902D /* Build configuration list for PBXNativeTarget "fusionDBZ" */ = {
			isa = XCConfigurationList;
			buildConfigurations = (
				EE6175AE290D79A000BD902D /* Debug */,
				EE6175AF290D79A000BD902D /* Release */,
			);
			defaultConfigurationIsVisible = 0;
			defaultConfigurationName = Release;
		};
/* End XCConfigurationList section */
	};
	rootObject = EE617591290D79A000BD902D /* Project object */;
}
